
Microsoft Visual Studio Solution File, Format Version 12.00
# Visual Studio Version 17
VisualStudioVersion = 17.13.35913.81
MinimumVisualStudioVersion = 10.0.40219.1
Project("{FAE04EC0-301F-11D3-BF4B-00C04F79EFBC}") = "Gis.Api", "Zavrsni\Gis.Api.csproj", "{2B932809-7488-4E00-9942-09F886634CB4}"
EndProject
Global
	GlobalSection(SolutionConfigurationPlatforms) = preSolution
		Debug|Any CPU = Debug|Any CPU
		Release|Any CPU = Release|Any CPU
	EndGlobalSection
	GlobalSection(ProjectConfigurationPlatforms) = postSolution
		{2B932809-7488-4E00-9942-09F886634CB4}.Debug|Any CPU.ActiveCfg = Debug|Any CPU
		{2B932809-7488-4E00-9942-09F886634CB4}.Debug|Any CPU.Build.0 = Debug|Any CPU
		{2B932809-7488-4E00-9942-09F886634CB4}.Release|Any CPU.ActiveCfg = Release|Any CPU
		{2B932809-7488-4E00-9942-09F886634CB4}.Release|Any CPU.Build.0 = Release|Any CPU
	EndGlobalSection
	GlobalSection(SolutionProperties) = preSolution
		HideSolutionNode = FALSE
	EndGlobalSection
	GlobalSection(ExtensibilityGlobals) = postSolution
		SolutionGuid = {0760A38F-8E6B-4C3B-A455-138A6E253739}
	EndGlobalSection
EndGlobal
